{
    "_readme": [
        "This file locks the dependencies of your project to a known state",
        "Read more about it at https://getcomposer.org/doc/01-basic-usage.md#installing-dependencies",
        "This file is @generated automatically"
    ],
    "content-hash": "f638e837f4c27bce8457ca2195f81cd6",
    "packages": [
        {
            "name": "overtrue/pinyin",
            "version": "4.0.8",
            "source": {
                "type": "git",
                "url": "https://github.com/overtrue/pinyin.git",
                "reference": "04bdb4d33d50e8fb1aa5a824064c5151c4b15dc2"
            },
            "dist": {
                "type": "zip",
                "url": "https://api.github.com/repos/overtrue/pinyin/zipball/04bdb4d33d50e8fb1aa5a824064c5151c4b15dc2",
                "reference": "04bdb4d33d50e8fb1aa5a824064c5151c4b15dc2",
                "shasum": ""
            },
            "require": {
                "php": ">=7.1"
            },
            "require-dev": {
                "brainmaestro/composer-git-hooks": "^2.7",
                "friendsofphp/php-cs-fixer": "^2.16",
                "phpunit/phpunit": "~8.0"
            },
            "type": "library",
            "extra": {
                "hooks": {
                    "pre-commit": [
                        "composer test",
                        "composer fix-style"
                    ],
                    "pre-push": [
                        "composer test",
                        "composer check-style"
                    ]
                }
            },
            "autoload": {
                "files": [
                    "src/const.php"
                ],
                "psr-4": {
                    "Overtrue\\Pinyin\\": "src/"
                }
            },
            "notification-url": "https://packagist.org/downloads/",
            "license": [
                "MIT"
            ],
            "authors": [
                {
                    "name": "overtrue",
                    "email": "anzhengchao@gmail.com",
                    "homepage": "http://github.com/overtrue"
                }
            ],
            "description": "Chinese to pinyin translator.",
            "homepage": "https://github.com/overtrue/pinyin",
            "keywords": [
                "Chinese",
                "Pinyin",
                "cn2pinyin"
            ],
            "support": {
                "issues": "https://github.com/overtrue/pinyin/issues",
                "source": "https://github.com/overtrue/pinyin/tree/4.0.8"
            },
            "funding": [
                {
                    "url": "https://www.patreon.com/overtrue",
                    "type": "patreon"
                }
            ],
            "time": "2021-07-19T03:43:32+00:00"
        }
    ],
    "packages-dev": [],
    "aliases": [],
    "minimum-stability": "stable",
    "stability-flags": [],
    "prefer-stable": false,
    "prefer-lowest": false,
    "platform": [],
    "platform-dev": [],
    "plugin-api-version": "2.2.0"
}
